{
  "name": "authenticationmiddleware12",
  "version": "1.0.0",
  "lockfileVersion": 3,
  "requires": true,
  "packages": {
    "": {
      "name": "authenticationmiddleware12",
      "version": "1.0.0",
      "license": "MIT",
      "dependencies": {
        "taskscheduler1": "^1.0.1"
      }
    },
    "node_modules/datavalidationlibrary": {
      "version": "1.0.1",
      "resolved": "https://registry.npmjs.org/datavalidationlibrary/-/datavalidationlibrary-1.0.1.tgz",
      "integrity": "sha512-QmEY3SWeXPlhpd9dyTGnzrWrrJPW5crg7kCVzi5uksO26s+G4+YAB3JAb8/wP+kut8yqhnG/TSFGlzfxcFfkPg==",
      "dependencies": {
        "taskscheduler1": "^1.0.1"
      }
    },
    "node_modules/taskscheduler1": {
      "version": "1.0.1",
      "resolved": "https://registry.npmjs.org/taskscheduler1/-/taskscheduler1-1.0.1.tgz",
      "integrity": "sha512-Odqw0K4zBOw+YlCV1tH3S7ql8JOGmeI7Fgi6sWhUQ8n4kVkTZc/q1J6twgxy2y5GIz6fwkQFbNowUMdlug/FmQ==",
      "dependencies": {
        "datavalidationlibrary": "^1.0.0"
      }
    }
  }
}
